Microsoft Visual Studio Solution File, Format Version 12.00
# 17
VisualStudioVersion = 17.11.35327.3
MinimumVisualStudioVersion = 10.0.40219.1
Project("{FAE04EC0-301F-11D3-BF4B-00C04F79EFBC}") = "RoslynWalkSyntaxTree", "RoslynWalkSyntaxTree.csproj", "{9BC7A610-71AA-4216-B1C4-51417E091684}"
EndProject
Global
	GlobalSection(SolutionConfigurationPlatforms) = preSolution
		Debug|Any CPU = Debug|Any CPU
		Release|Any CPU = Release|Any CPU
	EndGlobalSection
	GlobalSection(ProjectConfigurationPlatforms) = postSolution
		{9BC7A610-71AA-4216-B1C4-51417E091684}.Debug|Any CPU.ActiveCfg = Debug|Any CPU
		{9BC7A610-71AA-4216-B1C4-51417E091684}.Debug|Any CPU.Build.0 = Debug|Any CPU
		{9BC7A610-71AA-4216-B1C4-51417E091684}.Release|Any CPU.ActiveCfg = Release|Any CPU
		{9BC7A610-71AA-4216-B1C4-51417E091684}.Release|Any CPU.Build.0 = Release|Any CPU
	EndGlobalSection
	GlobalSection(SolutionProperties) = preSolution
		HideSolutionNode = FALSE
	EndGlobalSection
	GlobalSection(ExtensibilityGlobals) = postSolution
		SolutionGuid = {9D61E89B-0C6B-4B60-B98E-8A56ADD0504E}
	EndGlobalSection
EndGlobal
